
Microsoft Visual Studio Solution File, Format Version 12.00
# Visual Studio Version 17
VisualStudioVersion = 17.5.33516.290
MinimumVisualStudioVersion = 10.0.40219.1
Project("{9A19103F-16F7-4668-BE54-9A1E7A4F7556}") = "DevIO.Data", "src\DevIO.Data\DevIO.Data.csproj", "{BD29C185-CFAC-41EA-AA4D-E7D72C0D5527}"
EndProject
Project("{9A19103F-16F7-4668-BE54-9A1E7A4F7556}") = "DevIO.Business", "src\DevIo.Business\DevIO.Business.csproj", "{9BD84CE4-CBF9-4ABC-A16F-4264368347D3}"
EndProject
Project("{FAE04EC0-301F-11D3-BF4B-00C04F79EFBC}") = "DevIO.Api", "src\DevIO.Api\DevIO.Api.csproj", "{30678DAD-92F4-401B-9D1E-A07F49EF7A53}"
EndProject
Global
	GlobalSection(SolutionConfigurationPlatforms) = preSolution
		Debug|Any CPU = Debug|Any CPU
		Release|Any CPU = Release|Any CPU
	EndGlobalSection
	GlobalSection(ProjectConfigurationPlatforms) = postSolution
		{BD29C185-CFAC-41EA-AA4D-E7D72C0D5527}.Debug|Any CPU.ActiveCfg = Debug|Any CPU
		{BD29C185-CFAC-41EA-AA4D-E7D72C0D5527}.Debug|Any CPU.Build.0 = Debug|Any CPU
		{BD29C185-CFAC-41EA-AA4D-E7D72C0D5527}.Release|Any CPU.ActiveCfg = Release|Any CPU
		{BD29C185-CFAC-41EA-AA4D-E7D72C0D5527}.Release|Any CPU.Build.0 = Release|Any CPU
		{9BD84CE4-CBF9-4ABC-A16F-4264368347D3}.Debug|Any CPU.ActiveCfg = Debug|Any CPU
		{9BD84CE4-CBF9-4ABC-A16F-4264368347D3}.Debug|Any CPU.Build.0 = Debug|Any CPU
		{9BD84CE4-CBF9-4ABC-A16F-4264368347D3}.Release|Any CPU.ActiveCfg = Release|Any CPU
		{9BD84CE4-CBF9-4ABC-A16F-4264368347D3}.Release|Any CPU.Build.0 = Release|Any CPU
		{30678DAD-92F4-401B-9D1E-A07F49EF7A53}.Debug|Any CPU.ActiveCfg = Debug|Any CPU
		{30678DAD-92F4-401B-9D1E-A07F49EF7A53}.Debug|Any CPU.Build.0 = Debug|Any CPU
		{30678DAD-92F4-401B-9D1E-A07F49EF7A53}.Release|Any CPU.ActiveCfg = Release|Any CPU
		{30678DAD-92F4-401B-9D1E-A07F49EF7A53}.Release|Any CPU.Build.0 = Release|Any CPU
	EndGlobalSection
	GlobalSection(SolutionProperties) = preSolution
		HideSolutionNode = FALSE
	EndGlobalSection
	GlobalSection(ExtensibilityGlobals) = postSolution
		SolutionGuid = {95107078-74FD-417A-8950-DB29DC35F630}
	EndGlobalSection
EndGlobal
